Microsoft Visual Studio Solution File, Format Version 12.00
# Visual Studio Version 17
VisualStudioVersion = 17.5.2.0
MinimumVisualStudioVersion = 10.0.40219.1
Project("{FAE04EC0-301F-11D3-BF4B-00C04F79EFBC}") = "DotnetAuth.Api", "DotnetAuth.Api.csproj", "{271BC924-D678-6D56-0021-E86822E48584}"
EndProject
Global
	GlobalSection(SolutionConfigurationPlatforms) = preSolution
		Debug|Any CPU = Debug|Any CPU
		Release|Any CPU = Release|Any CPU
	EndGlobalSection
	GlobalSection(ProjectConfigurationPlatforms) = postSolution
		{271BC924-D678-6D56-0021-E86822E48584}.Debug|Any CPU.ActiveCfg = Debug|Any CPU
		{271BC924-D678-6D56-0021-E86822E48584}.Debug|Any CPU.Build.0 = Debug|Any CPU
		{271BC924-D678-6D56-0021-E86822E48584}.Release|Any CPU.ActiveCfg = Release|Any CPU
		{271BC924-D678-6D56-0021-E86822E48584}.Release|Any CPU.Build.0 = Release|Any CPU
	EndGlobalSection
	GlobalSection(SolutionProperties) = preSolution
		HideSolutionNode = FALSE
	EndGlobalSection
	GlobalSection(ExtensibilityGlobals) = postSolution
		SolutionGuid = {DA34FFA6-66F4-4F27-B660-640811F9219B}
	EndGlobalSection
EndGlobal
